
Microsoft Visual Studio Solution File, Format Version 12.00
# Visual Studio Version 17
VisualStudioVersion = 17.8.34330.188
MinimumVisualStudioVersion = 10.0.40219.1
Project("{9A19103F-16F7-4668-BE54-9A1E7A4F7556}") = "Atolye.Maybe", "Atolye.Maybe\Atolye.Maybe.csproj", "{33AB4466-4814-4359-9C5B-371A7F2082EF}"
EndProject
Project("{9A19103F-16F7-4668-BE54-9A1E7A4F7556}") = "Atolye.Maybe.Test", "Atolye.Maybe.Test\Atolye.Maybe.Test.csproj", "{E7AD26D1-62C5-4F4F-9E8C-41F47DCD1AA1}"
EndProject
Project("{2150E333-8FDC-42A3-9474-1A3956D46DE8}") = "Solution Items", "Solution Items", "{E1D129D6-8CC2-4A35-B03B-D558D195BAD8}"
EndProject
Global
	GlobalSection(SolutionConfigurationPlatforms) = preSolution
		Debug|Any CPU = Debug|Any CPU
		Release|Any CPU = Release|Any CPU
	EndGlobalSection
	GlobalSection(ProjectConfigurationPlatforms) = postSolution
		{33AB4466-4814-4359-9C5B-371A7F2082EF}.Debug|Any CPU.ActiveCfg = Debug|Any CPU
		{33AB4466-4814-4359-9C5B-371A7F2082EF}.Debug|Any CPU.Build.0 = Debug|Any CPU
		{33AB4466-4814-4359-9C5B-371A7F2082EF}.Release|Any CPU.ActiveCfg = Release|Any CPU
		{33AB4466-4814-4359-9C5B-371A7F2082EF}.Release|Any CPU.Build.0 = Release|Any CPU
		{E7AD26D1-62C5-4F4F-9E8C-41F47DCD1AA1}.Debug|Any CPU.ActiveCfg = Debug|Any CPU
		{E7AD26D1-62C5-4F4F-9E8C-41F47DCD1AA1}.Debug|Any CPU.Build.0 = Debug|Any CPU
		{E7AD26D1-62C5-4F4F-9E8C-41F47DCD1AA1}.Release|Any CPU.ActiveCfg = Release|Any CPU
		{E7AD26D1-62C5-4F4F-9E8C-41F47DCD1AA1}.Release|Any CPU.Build.0 = Release|Any CPU
	EndGlobalSection
	GlobalSection(SolutionProperties) = preSolution
		HideSolutionNode = FALSE
	EndGlobalSection
	GlobalSection(ExtensibilityGlobals) = postSolution
		SolutionGuid = {5C588CBF-4C8E-4EF8-AA28-A00E0E91E06F}
	EndGlobalSection
EndGlobal
